
Microsoft Visual Studio Solution File, Format Version 12.00
# Visual Studio Version 17
VisualStudioVersion = 17.3.32901.215
MinimumVisualStudioVersion = 10.0.40219.1
Project("{FAE04EC0-301F-11D3-BF4B-00C04F79EFBC}") = "assignment3_yevhenii", "assignment3_yevhenii\assignment3_yevhenii.csproj", "{3952B14A-FD3B-4F1E-A0F3-350DACB86496}"
EndProject
Global
	GlobalSection(SolutionConfigurationPlatforms) = preSolution
		Debug|Any CPU = Debug|Any CPU
		Release|Any CPU = Release|Any CPU
	EndGlobalSection
	GlobalSection(ProjectConfigurationPlatforms) = postSolution
		{3952B14A-FD3B-4F1E-A0F3-350DACB86496}.Debug|Any CPU.ActiveCfg = Debug|Any CPU
		{3952B14A-FD3B-4F1E-A0F3-350DACB86496}.Debug|Any CPU.Build.0 = Debug|Any CPU
		{3952B14A-FD3B-4F1E-A0F3-350DACB86496}.Release|Any CPU.ActiveCfg = Release|Any CPU
		{3952B14A-FD3B-4F1E-A0F3-350DACB86496}.Release|Any CPU.Build.0 = Release|Any CPU
	EndGlobalSection
	GlobalSection(SolutionProperties) = preSolution
		HideSolutionNode = FALSE
	EndGlobalSection
	GlobalSection(ExtensibilityGlobals) = postSolution
		SolutionGuid = {366A3FB8-C71F-42A5-9D63-23919BF7B041}
	EndGlobalSection
EndGlobal
